# Generated by pub
# See http://pub.dartlang.org/doc/glossary.html#lockfile
packages:
  analyzer:
    description: analyzer
    source: hosted
    version: "0.10.0"
  args:
    description: args
    source: hosted
    version: "0.8.10+3"
  barback:
    description: barback
    source: hosted
    version: "0.8.10+3"
  benchmark_harness:
    description: benchmark_harness
    source: hosted
    version: "1.0.2"
  browser:
    description: browser
    source: hosted
    version: "0.6.3+1"
  dart_flex:
    description: dart_flex
    source: hosted
    version: "0.5.1"
  logging:
    description: logging
    source: hosted
    version: "0.8.10+3"
  meta:
    description: meta
    source: hosted
    version: "0.8.7"
  observe:
    description: observe
    source: hosted
    version: "0.8.10+3"
  path:
    description: path
    source: hosted
    version: "0.8.10+3"
  source_maps:
    description: source_maps
    source: hosted
    version: "0.8.10+3"
  stack_trace:
    description: stack_trace
    source: hosted
    version: "0.8.7"
  unittest:
    description: unittest
    source: hosted
    version: "0.8.7"
  unmodifiable_collection:
    description: unmodifiable_collection
    source: hosted
    version: "0.8.10+3"
