# Generated by pub
# See http://pub.dartlang.org/doc/glossary.html#lockfile
packages:
  analyzer:
    description: analyzer
    source: hosted
    version: "0.10.5"
  args:
    description: args
    source: hosted
    version: "0.9.0"
  barback:
    description: barback
    source: hosted
    version: "0.11.0+1"
  benchmark_harness:
    description: benchmark_harness
    source: hosted
    version: "1.0.2"
  browser:
    description: browser
    source: hosted
    version: "0.9.1"
  dart_flex:
    description: dart_flex
    source: hosted
    version: "0.8.22"
  logging:
    description: logging
    source: hosted
    version: "0.9.0"
  observe:
    description: observe
    source: hosted
    version: "0.9.3"
  path:
    description: path
    source: hosted
    version: "1.0.0"
  source_maps:
    description: source_maps
    source: hosted
    version: "0.9.0"
  stack_trace:
    description: stack_trace
    source: hosted
    version: "0.9.1"
  unittest:
    description: unittest
    source: hosted
    version: "0.9.3"
  unmodifiable_collection:
    description: unmodifiable_collection
    source: hosted
    version: "0.9.0"
